{
    "_readme": [
        "This file locks the dependencies of your project to a known state",
        "Read more about it at http://getcomposer.org/doc/01-basic-usage.md#composer-lock-the-lock-file",
        "This file is @generated automatically"
    ],
    "hash": "46133d9320b0691c04b7d4afc5340bf8",
    "packages": [
        {
            "name": "clue/graph",
            "version": "v0.9.0",
            "source": {
                "type": "git",
                "url": "https://github.com/clue/graph.git",
                "reference": "0336a4d5229fa61a20ccceaeab25e52ac9542700"
            },
            "dist": {
                "type": "zip",
                "url": "https://api.github.com/repos/clue/graph/zipball/0336a4d5229fa61a20ccceaeab25e52ac9542700",
                "reference": "0336a4d5229fa61a20ccceaeab25e52ac9542700",
                "shasum": ""
            },
            "require": {
                "php": ">=5.3.0"
            },
            "require-dev": {
                "phpunit/phpunit": "~4.0"
            },
            "suggest": {
                "graphp/algorithms": "Common graph algorithms, such as Dijkstra and Moore-Bellman-Ford (shortest path), minimum spanning tree (MST), Kruskal, Prim and many more..",
                "graphp/graphviz": "GraphViz graph drawing / DOT output"
            },
            "type": "library",
            "autoload": {
                "psr-4": {
                    "Fhaculty\\Graph\\": "src/"
                }
            },
            "notification-url": "https://packagist.org/downloads/",
            "license": [
                "MIT"
            ],
            "description": "A mathematical graph/network library written in PHP",
            "homepage": "https://github.com/clue/graph",
            "keywords": [
                "edge",
                "graph",
                "mathematical",
                "network",
                "vertex"
            ],
            "time": "2015-03-07 18:11:31"
        },
        {
            "name": "graphp/algorithms",
            "version": "v0.8.1",
            "source": {
                "type": "git",
                "url": "https://github.com/graphp/algorithms.git",
                "reference": "81db4049c35730767ec8f97fb5c4844234b86cef"
            },
            "dist": {
                "type": "zip",
                "url": "https://api.github.com/repos/graphp/algorithms/zipball/81db4049c35730767ec8f97fb5c4844234b86cef",
                "reference": "81db4049c35730767ec8f97fb5c4844234b86cef",
                "shasum": ""
            },
            "require": {
                "clue/graph": "~0.9.0|~0.8.0",
                "php": ">=5.3"
            },
            "require-dev": {
                "phpunit/phpunit": "~4.0"
            },
            "type": "library",
            "autoload": {
                "psr-4": {
                    "Graphp\\Algorithms\\": "src/"
                }
            },
            "notification-url": "https://packagist.org/downloads/",
            "license": [
                "MIT"
            ],
            "authors": [
                {
                    "name": "Christian Lück",
                    "email": "christian@lueck.tv"
                }
            ],
            "description": "Common mathematical graph algorithms",
            "homepage": "https://github.com/graphp/algorithms",
            "keywords": [
                "Graph algorithms",
                "dijkstra",
                "kruskal",
                "minimum spanning tree",
                "moore-bellman-ford",
                "prim",
                "shortest path"
            ],
            "time": "2015-03-08 10:12:01"
        },
        {
            "name": "graphp/graphviz",
            "version": "v0.2.1",
            "source": {
                "type": "git",
                "url": "https://github.com/graphp/graphviz.git",
                "reference": "2676522dfcd907fd3cb52891ea64a052c4ac4c2a"
            },
            "dist": {
                "type": "zip",
                "url": "https://api.github.com/repos/graphp/graphviz/zipball/2676522dfcd907fd3cb52891ea64a052c4ac4c2a",
                "reference": "2676522dfcd907fd3cb52891ea64a052c4ac4c2a",
                "shasum": ""
            },
            "require": {
                "clue/graph": "~0.9.0|~0.8.0",
                "graphp/algorithms": "~0.8.0",
                "php": ">=5.3.0"
            },
            "require-dev": {
                "phpunit/phpunit": "~4.0"
            },
            "type": "library",
            "autoload": {
                "psr-4": {
                    "Graphp\\GraphViz\\": "src/"
                }
            },
            "notification-url": "https://packagist.org/downloads/",
            "license": [
                "MIT"
            ],
            "description": "GraphViz graph drawing for mathematical graph/network",
            "homepage": "https://github.com/graphp/graphviz",
            "keywords": [
                "dot output",
                "graph drawing",
                "graph image",
                "graphviz"
            ],
            "time": "2015-03-08 10:30:28"
        },
        {
            "name": "metabor/metabor-std",
            "version": "v1.1.1",
            "source": {
                "type": "git",
                "url": "https://github.com/Metabor/MetaborStd.git",
                "reference": "e8b60548ed94419779508ddc7b41f53dbc3cacf6"
            },
            "dist": {
                "type": "zip",
                "url": "https://api.github.com/repos/Metabor/MetaborStd/zipball/e8b60548ed94419779508ddc7b41f53dbc3cacf6",
                "reference": "e8b60548ed94419779508ddc7b41f53dbc3cacf6",
                "shasum": ""
            },
            "require": {
                "php": ">=5.3"
            },
            "require-dev": {
                "phpunit/phpunit": "~4.1"
            },
            "suggest": {
                "metabor/statemachine": "Working implementation of the statemachine interfaces",
                "metabor/statemachine-doctrine-bridge": "Integrates Doctrine to persit and define status and processes for the statemachine"
            },
            "type": "library",
            "extra": {
                "branch-alias": {
                    "dev-master": "1.1.x-dev"
                }
            },
            "autoload": {
                "psr-0": {
                    "MetaborStd\\": "src/"
                }
            },
            "notification-url": "https://packagist.org/downloads/",
            "license": [
                "MIT"
            ],
            "authors": [
                {
                    "name": "Oliver Tischlinger",
                    "email": "oliver.tischlinger@metabor.de"
                }
            ],
            "description": "Collection of maximal independent PHP Interfaces",
            "keywords": [
                "api",
                "interfaces",
                "standard"
            ],
            "time": "2015-03-12 09:40:03"
        },
        {
            "name": "metabor/statemachine",
            "version": "dev-master",
            "source": {
                "type": "git",
                "url": "https://github.com/Metabor/Statemachine.git",
                "reference": "a578e8a36b82403ea1d982ef2429b3b379e60dbd"
            },
            "dist": {
                "type": "zip",
                "url": "https://api.github.com/repos/Metabor/Statemachine/zipball/a578e8a36b82403ea1d982ef2429b3b379e60dbd",
                "reference": "a578e8a36b82403ea1d982ef2429b3b379e60dbd",
                "shasum": ""
            },
            "require": {
                "metabor/metabor-std": "~1.1",
                "php": ">=5.3"
            },
            "require-dev": {
                "clue/graph": ">=0.7",
                "phpunit/phpunit": "~4.1",
                "symfony/expression-language": "~2.5"
            },
            "suggest": {
                "clue/graph": "For displaying process graph",
                "graphp/graphviz": "For displaying process graph",
                "metabor/statemachine-doctrine-bridge": "Integrates Doctrine to persit and define status and processes for the statemachine",
                "symfony/expression-language": "To use symfony expressions as conditions"
            },
            "type": "library",
            "extra": {
                "branch-alias": {
                    "dev-master": "1.1.x-dev"
                }
            },
            "autoload": {
                "psr-0": {
                    "Metabor\\": "src/"
                }
            },
            "notification-url": "https://packagist.org/downloads/",
            "license": [
                "MIT"
            ],
            "authors": [
                {
                    "name": "Oliver Tischlinger",
                    "email": "oliver.tischlinger@metabor.de"
                }
            ],
            "description": "Statemachine in PHP 5.3",
            "keywords": [
                "process",
                "state machine",
                "statemachine",
                "status"
            ],
            "time": "2015-03-12 19:14:16"
        }
    ],
    "packages-dev": [],
    "aliases": [],
    "minimum-stability": "dev",
    "stability-flags": {
        "metabor/statemachine": 20
    },
    "prefer-stable": true,
    "prefer-lowest": false,
    "platform": {
        "php": ">=5.3"
    },
    "platform-dev": []
}
